
Microsoft Visual Studio Solution File, Format Version 12.00
# Visual Studio 2013
VisualStudioVersion = 12.0.31101.0
MinimumVisualStudioVersion = 10.0.40219.1
<<<<<<< HEAD
Project("{8BC9CEB8-8B4A-11D0-8D11-00A0C91BC942}") = "REC07", "REC07.vcxproj", "{A53F5CF4-9DBB-48D5-AF11-664B307C5193}"
=======
Project("{8BC9CEB8-8B4A-11D0-8D11-00A0C91BC942}") = "REC07", "REC07.vcxproj", "{AE9E3F4F-B649-4AE1-AFC3-AF5792DF5EDB}"
>>>>>>> origin/master
EndProject
Global
	GlobalSection(SolutionConfigurationPlatforms) = preSolution
		Debug|Win32 = Debug|Win32
		Release|Win32 = Release|Win32
	EndGlobalSection
	GlobalSection(ProjectConfigurationPlatforms) = postSolution
<<<<<<< HEAD
		{A53F5CF4-9DBB-48D5-AF11-664B307C5193}.Debug|Win32.ActiveCfg = Debug|Win32
		{A53F5CF4-9DBB-48D5-AF11-664B307C5193}.Debug|Win32.Build.0 = Debug|Win32
		{A53F5CF4-9DBB-48D5-AF11-664B307C5193}.Release|Win32.ActiveCfg = Release|Win32
		{A53F5CF4-9DBB-48D5-AF11-664B307C5193}.Release|Win32.Build.0 = Release|Win32
=======
		{AE9E3F4F-B649-4AE1-AFC3-AF5792DF5EDB}.Debug|Win32.ActiveCfg = Debug|Win32
		{AE9E3F4F-B649-4AE1-AFC3-AF5792DF5EDB}.Debug|Win32.Build.0 = Debug|Win32
		{AE9E3F4F-B649-4AE1-AFC3-AF5792DF5EDB}.Release|Win32.ActiveCfg = Release|Win32
		{AE9E3F4F-B649-4AE1-AFC3-AF5792DF5EDB}.Release|Win32.Build.0 = Release|Win32
>>>>>>> origin/master
	EndGlobalSection
	GlobalSection(SolutionProperties) = preSolution
		HideSolutionNode = FALSE
	EndGlobalSection
EndGlobal
