<?xml version="1.0" encoding="utf-8"?>
<Project ToolsVersion="4.0" xmlns="http://schemas.microsoft.com/developer/msbuild/2003">
  <ItemGroup>
    <Filter Include="Source Files">
      <UniqueIdentifier>{4FC737F1-C7A5-4376-A066-2A32D752A2FF}</UniqueIdentifier>
      <Extensions>cpp;c;cc;cxx;def;odl;idl;hpj;bat;asm;asmx</Extensions>
    </Filter>
    <Filter Include="Header Files">
      <UniqueIdentifier>{93995380-89BD-4b04-88EB-625FBE52EBFB}</UniqueIdentifier>
      <Extensions>h;hh;hpp;hxx;hm;inl;inc;xsd</Extensions>
    </Filter>
    <Filter Include="Resource Files">
      <UniqueIdentifier>{67DA6AB6-F800-4c08-8B7A-83BB121AAD01}</UniqueIdentifier>
      <Extensions>rc;ico;cur;bmp;dlg;rc2;rct;bin;rgs;gif;jpg;jpeg;jpe;resx;tiff;tif;png;wav;mfcribbon-ms</Extensions>
    </Filter>
  </ItemGroup>
  <ItemGroup>
    <ClCompile Include="rec06-000-hierarchy-only.cpp">
      <Filter>Source Files</Filter>
    </ClCompile>
    <ClCompile Include="rec06-001-num-pgs-000.cpp">
      <Filter>Source Files</Filter>
    </ClCompile>
    <ClCompile Include="rec06-002-correct-pgs.cpp">
      <Filter>Source Files</Filter>
    </ClCompile>
    <ClCompile Include="rec06-003-just-base-ctor.cpp">
      <Filter>Source Files</Filter>
    </ClCompile>
    <ClCompile Include="rec06-004-ctor-correct.cpp">
      <Filter>Source Files</Filter>
    </ClCompile>
    <ClCompile Include="rec06-005-dispNumLOgsInBase.cpp">
      <Filter>Source Files</Filter>
    </ClCompile>
    <ClCompile Include="rec06-006-bad-private.cpp">
      <Filter>Source Files</Filter>
    </ClCompile>
    <ClCompile Include="rec06-007-indexpages.cpp">
      <Filter>Source Files</Filter>
    </ClCompile>
    <ClCompile Include="rec06-008-a-PM-obj-disp.cpp">
      <Filter>Source Files</Filter>
    </ClCompile>
    <ClCompile Include="rec06-009-PM-obj-assgnd-T.cpp">
      <Filter>Source Files</Filter>
    </ClCompile>
    <ClCompile Include="rec06-010-prt-PM-wo-virt.cpp">
      <Filter>Source Files</Filter>
    </ClCompile>
    <ClCompile Include="rec06-011-virt.cpp">
      <Filter>Source Files</Filter>
    </ClCompile>
    <ClCompile Include="rec06-012-virt-ref.cpp">
      <Filter>Source Files</Filter>
    </ClCompile>
    <ClCompile Include="rec06-013-abstract-first-try.cpp">
      <Filter>Source Files</Filter>
    </ClCompile>
    <ClCompile Include="rec06-014-abstract-fixed.cpp">
      <Filter>Source Files</Filter>
    </ClCompile>
    <ClCompile Include="rec06-015-vector.cpp">
      <Filter>Source Files</Filter>
    </ClCompile>
  </ItemGroup>
  <ItemGroup>
    <None Include="rec06.html">
      <Filter>Resource Files</Filter>
    </None>
    <None Include="rec06-AK.html">
      <Filter>Resource Files</Filter>
    </None>
  </ItemGroup>
</Project>